
Microsoft Visual Studio Solution File, Format Version 12.00
# Visual Studio Version 17
VisualStudioVersion = 17.2.32630.192
MinimumVisualStudioVersion = 10.0.40219.1
Project("{8BC9CEB8-8B4A-11D0-8D11-00A0C91BC942}") = "cppStringLiabrary", "cppStringLiabrary.vcxproj", "{0371E3F2-9389-468C-A11F-84C57C648112}"
EndProject
Project("{8BC9CEB8-8B4A-11D0-8D11-00A0C91BC942}") = "test", "..\test\test\test.vcxproj", "{CF634B54-D4D3-44CE-9B43-1702C188C04F}"
EndProject
Global
	GlobalSection(SolutionConfigurationPlatforms) = preSolution
		Debug|x64 = Debug|x64
		Debug|x86 = Debug|x86
		Release|x64 = Release|x64
		Release|x86 = Release|x86
	EndGlobalSection
	GlobalSection(ProjectConfigurationPlatforms) = postSolution
		{0371E3F2-9389-468C-A11F-84C57C648112}.Debug|x64.ActiveCfg = Debug|x64
		{0371E3F2-9389-468C-A11F-84C57C648112}.Debug|x64.Build.0 = Debug|x64
		{0371E3F2-9389-468C-A11F-84C57C648112}.Debug|x86.ActiveCfg = Debug|Win32
		{0371E3F2-9389-468C-A11F-84C57C648112}.Debug|x86.Build.0 = Debug|Win32
		{0371E3F2-9389-468C-A11F-84C57C648112}.Release|x64.ActiveCfg = Release|x64
		{0371E3F2-9389-468C-A11F-84C57C648112}.Release|x64.Build.0 = Release|x64
		{0371E3F2-9389-468C-A11F-84C57C648112}.Release|x86.ActiveCfg = Release|Win32
		{0371E3F2-9389-468C-A11F-84C57C648112}.Release|x86.Build.0 = Release|Win32
		{CF634B54-D4D3-44CE-9B43-1702C188C04F}.Debug|x64.ActiveCfg = Debug|x64
		{CF634B54-D4D3-44CE-9B43-1702C188C04F}.Debug|x64.Build.0 = Debug|x64
		{CF634B54-D4D3-44CE-9B43-1702C188C04F}.Debug|x86.ActiveCfg = Debug|Win32
		{CF634B54-D4D3-44CE-9B43-1702C188C04F}.Debug|x86.Build.0 = Debug|Win32
		{CF634B54-D4D3-44CE-9B43-1702C188C04F}.Release|x64.ActiveCfg = Release|x64
		{CF634B54-D4D3-44CE-9B43-1702C188C04F}.Release|x64.Build.0 = Release|x64
		{CF634B54-D4D3-44CE-9B43-1702C188C04F}.Release|x86.ActiveCfg = Release|Win32
		{CF634B54-D4D3-44CE-9B43-1702C188C04F}.Release|x86.Build.0 = Release|Win32
	EndGlobalSection
	GlobalSection(SolutionProperties) = preSolution
		HideSolutionNode = FALSE
	EndGlobalSection
	GlobalSection(ExtensibilityGlobals) = postSolution
		SolutionGuid = {490340C9-025B-4264-9B68-58F9E2AA3160}
	EndGlobalSection
EndGlobal
